
Microsoft Visual Studio Solution File, Format Version 12.00
# Visual Studio Version 17
VisualStudioVersion = 17.3.32922.545
MinimumVisualStudioVersion = 10.0.40219.1
Project("{888888A0-9F3D-457C-B088-3A5042F75D52}") = "final eval (sem 3)", "final eval (sem 3).pyproj", "{589FA1F3-BD64-4F73-B8DC-744D26D66267}"
EndProject
Global
	GlobalSection(SolutionConfigurationPlatforms) = preSolution
		Debug|Any CPU = Debug|Any CPU
		Release|Any CPU = Release|Any CPU
	EndGlobalSection
	GlobalSection(ProjectConfigurationPlatforms) = postSolution
		{589FA1F3-BD64-4F73-B8DC-744D26D66267}.Debug|Any CPU.ActiveCfg = Debug|Any CPU
		{589FA1F3-BD64-4F73-B8DC-744D26D66267}.Release|Any CPU.ActiveCfg = Release|Any CPU
	EndGlobalSection
	GlobalSection(SolutionProperties) = preSolution
		HideSolutionNode = FALSE
	EndGlobalSection
	GlobalSection(ExtensibilityGlobals) = postSolution
		SolutionGuid = {49ED91CF-BFB3-4CB0-B795-FAC0292B6B5B}
	EndGlobalSection
EndGlobal
